
Microsoft Visual Studio Solution File, Format Version 12.00
# Visual Studio Version 17
VisualStudioVersion = 17.9.34728.123
MinimumVisualStudioVersion = 10.0.40219.1
Project("{9A19103F-16F7-4668-BE54-9A1E7A4F7556}") = "HealthByte", "DietSync\HealthByte.csproj", "{0DED05F5-B2BE-4373-8881-852111F7662F}"
EndProject
Project("{FAE04EC0-301F-11D3-BF4B-00C04F79EFBC}") = "WEB APP HEALTHBYTE", "WEB APP HEALTHBYTE\WEB APP HEALTHBYTE.csproj", "{B0BAC46A-D17A-4E9B-A728-4F386ADBEE15}"
EndProject
Global
	GlobalSection(SolutionConfigurationPlatforms) = preSolution
		Debug|Any CPU = Debug|Any CPU
		Release|Any CPU = Release|Any CPU
	EndGlobalSection
	GlobalSection(ProjectConfigurationPlatforms) = postSolution
		{0DED05F5-B2BE-4373-8881-852111F7662F}.Debug|Any CPU.ActiveCfg = Debug|Any CPU
		{0DED05F5-B2BE-4373-8881-852111F7662F}.Debug|Any CPU.Build.0 = Debug|Any CPU
		{0DED05F5-B2BE-4373-8881-852111F7662F}.Release|Any CPU.ActiveCfg = Release|Any CPU
		{0DED05F5-B2BE-4373-8881-852111F7662F}.Release|Any CPU.Build.0 = Release|Any CPU
		{B0BAC46A-D17A-4E9B-A728-4F386ADBEE15}.Debug|Any CPU.ActiveCfg = Debug|Any CPU
		{B0BAC46A-D17A-4E9B-A728-4F386ADBEE15}.Debug|Any CPU.Build.0 = Debug|Any CPU
		{B0BAC46A-D17A-4E9B-A728-4F386ADBEE15}.Release|Any CPU.ActiveCfg = Release|Any CPU
		{B0BAC46A-D17A-4E9B-A728-4F386ADBEE15}.Release|Any CPU.Build.0 = Release|Any CPU
	EndGlobalSection
	GlobalSection(SolutionProperties) = preSolution
		HideSolutionNode = FALSE
	EndGlobalSection
	GlobalSection(ExtensibilityGlobals) = postSolution
		SolutionGuid = {C630D7E6-D240-4944-895A-07FA6B072A06}
	EndGlobalSection
EndGlobal
